
Microsoft Visual Studio Solution File, Format Version 12.00
# Visual Studio Version 16
VisualStudioVersion = 16.0.31229.75
MinimumVisualStudioVersion = 10.0.40219.1
Project("{2150E333-8FDC-42A3-9474-1A3956D46DE8}") = "Domain", "Domain", "{2C4C7838-D576-48CF-A74C-7E62B1D5D509}"
EndProject
Project("{2150E333-8FDC-42A3-9474-1A3956D46DE8}") = "Infrastructure", "Infrastructure", "{206E2A86-4B1C-4687-835B-664AD2874D91}"
EndProject
Project("{2150E333-8FDC-42A3-9474-1A3956D46DE8}") = "Api", "Api", "{B60028EA-A6A0-470C-BAF1-F246B2521D16}"
EndProject
Project("{9A19103F-16F7-4668-BE54-9A1E7A4F7556}") = "Domain", "Domain\Domain.csproj", "{98761403-0DEE-41A0-A74A-3CC693D7EA60}"
EndProject
Project("{2150E333-8FDC-42A3-9474-1A3956D46DE8}") = "Framework", "Framework", "{09CE0272-DF7C-4FF9-9A4E-E4D4CE3A0291}"
EndProject
Project("{2150E333-8FDC-42A3-9474-1A3956D46DE8}") = "UI", "UI", "{DD636F11-5540-484A-9DAD-23A2D5CD305B}"
EndProject
Project("{9A19103F-16F7-4668-BE54-9A1E7A4F7556}") = "Persistence", "Persistence\Persistence.csproj", "{BC972605-61FF-4E17-9317-6565E40DADB3}"
EndProject
Project("{9A19103F-16F7-4668-BE54-9A1E7A4F7556}") = "Application", "Application\Application.csproj", "{987FB291-C61B-4AB9-B591-BD80C44C9151}"
EndProject
Project("{9A19103F-16F7-4668-BE54-9A1E7A4F7556}") = "Api", "Api\Api.csproj", "{0A4B6B41-2F54-4647-A9EC-3B52456E5302}"
EndProject
Project("{9A19103F-16F7-4668-BE54-9A1E7A4F7556}") = "Client", "Client\Client.csproj", "{2F79B257-BCCB-46C5-9D39-A20EDAB663D4}"
EndProject
Project("{2150E333-8FDC-42A3-9474-1A3956D46DE8}") = "Test", "Test", "{82EA51C0-B2FC-4BC9-96A5-C17E76084186}"
EndProject
Project("{9A19103F-16F7-4668-BE54-9A1E7A4F7556}") = "Domain.Test", "Domain.Test\Domain.Test.csproj", "{B94419B6-CA89-49B3-82DE-B84C5FBAFEEC}"
EndProject
Project("{2150E333-8FDC-42A3-9474-1A3956D46DE8}") = "Resources", "Resources", "{2142CCF2-8844-46E0-A7FF-3CC0F70C20BD}"
EndProject
Project("{9A19103F-16F7-4668-BE54-9A1E7A4F7556}") = "Resources", "Resources\Resources.csproj", "{388AA80C-3392-4447-B4B9-C1D0C3990095}"
EndProject
Project("{9A19103F-16F7-4668-BE54-9A1E7A4F7556}") = "ViewModels", "ViewModels\ViewModels.csproj", "{77F6966E-EC06-483E-A2AA-9B8A87D088AB}"
EndProject
Project("{FAE04EC0-301F-11D3-BF4B-00C04F79EFBC}") = "Dtat.Ddd.EntityFrameworkCore", "Dtat.Ddd.EntityFrameworkCore\Dtat.Ddd.EntityFrameworkCore.csproj", "{C64D15CE-5848-48A8-8130-F8DF62496B2E}"
EndProject
Global
	GlobalSection(SolutionConfigurationPlatforms) = preSolution
		Debug|Any CPU = Debug|Any CPU
		Release|Any CPU = Release|Any CPU
	EndGlobalSection
	GlobalSection(ProjectConfigurationPlatforms) = postSolution
		{98761403-0DEE-41A0-A74A-3CC693D7EA60}.Debug|Any CPU.ActiveCfg = Debug|Any CPU
		{98761403-0DEE-41A0-A74A-3CC693D7EA60}.Debug|Any CPU.Build.0 = Debug|Any CPU
		{98761403-0DEE-41A0-A74A-3CC693D7EA60}.Release|Any CPU.ActiveCfg = Release|Any CPU
		{98761403-0DEE-41A0-A74A-3CC693D7EA60}.Release|Any CPU.Build.0 = Release|Any CPU
		{BC972605-61FF-4E17-9317-6565E40DADB3}.Debug|Any CPU.ActiveCfg = Debug|Any CPU
		{BC972605-61FF-4E17-9317-6565E40DADB3}.Debug|Any CPU.Build.0 = Debug|Any CPU
		{BC972605-61FF-4E17-9317-6565E40DADB3}.Release|Any CPU.ActiveCfg = Release|Any CPU
		{BC972605-61FF-4E17-9317-6565E40DADB3}.Release|Any CPU.Build.0 = Release|Any CPU
		{987FB291-C61B-4AB9-B591-BD80C44C9151}.Debug|Any CPU.ActiveCfg = Debug|Any CPU
		{987FB291-C61B-4AB9-B591-BD80C44C9151}.Debug|Any CPU.Build.0 = Debug|Any CPU
		{987FB291-C61B-4AB9-B591-BD80C44C9151}.Release|Any CPU.ActiveCfg = Release|Any CPU
		{987FB291-C61B-4AB9-B591-BD80C44C9151}.Release|Any CPU.Build.0 = Release|Any CPU
		{0A4B6B41-2F54-4647-A9EC-3B52456E5302}.Debug|Any CPU.ActiveCfg = Debug|Any CPU
		{0A4B6B41-2F54-4647-A9EC-3B52456E5302}.Debug|Any CPU.Build.0 = Debug|Any CPU
		{0A4B6B41-2F54-4647-A9EC-3B52456E5302}.Release|Any CPU.ActiveCfg = Release|Any CPU
		{0A4B6B41-2F54-4647-A9EC-3B52456E5302}.Release|Any CPU.Build.0 = Release|Any CPU
		{2F79B257-BCCB-46C5-9D39-A20EDAB663D4}.Debug|Any CPU.ActiveCfg = Debug|Any CPU
		{2F79B257-BCCB-46C5-9D39-A20EDAB663D4}.Debug|Any CPU.Build.0 = Debug|Any CPU
		{2F79B257-BCCB-46C5-9D39-A20EDAB663D4}.Release|Any CPU.ActiveCfg = Release|Any CPU
		{2F79B257-BCCB-46C5-9D39-A20EDAB663D4}.Release|Any CPU.Build.0 = Release|Any CPU
		{B94419B6-CA89-49B3-82DE-B84C5FBAFEEC}.Debug|Any CPU.ActiveCfg = Debug|Any CPU
		{B94419B6-CA89-49B3-82DE-B84C5FBAFEEC}.Debug|Any CPU.Build.0 = Debug|Any CPU
		{B94419B6-CA89-49B3-82DE-B84C5FBAFEEC}.Release|Any CPU.ActiveCfg = Release|Any CPU
		{B94419B6-CA89-49B3-82DE-B84C5FBAFEEC}.Release|Any CPU.Build.0 = Release|Any CPU
		{388AA80C-3392-4447-B4B9-C1D0C3990095}.Debug|Any CPU.ActiveCfg = Debug|Any CPU
		{388AA80C-3392-4447-B4B9-C1D0C3990095}.Debug|Any CPU.Build.0 = Debug|Any CPU
		{388AA80C-3392-4447-B4B9-C1D0C3990095}.Release|Any CPU.ActiveCfg = Release|Any CPU
		{388AA80C-3392-4447-B4B9-C1D0C3990095}.Release|Any CPU.Build.0 = Release|Any CPU
		{77F6966E-EC06-483E-A2AA-9B8A87D088AB}.Debug|Any CPU.ActiveCfg = Debug|Any CPU
		{77F6966E-EC06-483E-A2AA-9B8A87D088AB}.Debug|Any CPU.Build.0 = Debug|Any CPU
		{77F6966E-EC06-483E-A2AA-9B8A87D088AB}.Release|Any CPU.ActiveCfg = Release|Any CPU
		{77F6966E-EC06-483E-A2AA-9B8A87D088AB}.Release|Any CPU.Build.0 = Release|Any CPU
		{C64D15CE-5848-48A8-8130-F8DF62496B2E}.Debug|Any CPU.ActiveCfg = Debug|Any CPU
		{C64D15CE-5848-48A8-8130-F8DF62496B2E}.Debug|Any CPU.Build.0 = Debug|Any CPU
		{C64D15CE-5848-48A8-8130-F8DF62496B2E}.Release|Any CPU.ActiveCfg = Release|Any CPU
		{C64D15CE-5848-48A8-8130-F8DF62496B2E}.Release|Any CPU.Build.0 = Release|Any CPU
	EndGlobalSection
	GlobalSection(SolutionProperties) = preSolution
		HideSolutionNode = FALSE
	EndGlobalSection
	GlobalSection(NestedProjects) = preSolution
		{98761403-0DEE-41A0-A74A-3CC693D7EA60} = {2C4C7838-D576-48CF-A74C-7E62B1D5D509}
		{BC972605-61FF-4E17-9317-6565E40DADB3} = {206E2A86-4B1C-4687-835B-664AD2874D91}
		{987FB291-C61B-4AB9-B591-BD80C44C9151} = {206E2A86-4B1C-4687-835B-664AD2874D91}
		{0A4B6B41-2F54-4647-A9EC-3B52456E5302} = {B60028EA-A6A0-470C-BAF1-F246B2521D16}
		{2F79B257-BCCB-46C5-9D39-A20EDAB663D4} = {DD636F11-5540-484A-9DAD-23A2D5CD305B}
		{B94419B6-CA89-49B3-82DE-B84C5FBAFEEC} = {82EA51C0-B2FC-4BC9-96A5-C17E76084186}
		{388AA80C-3392-4447-B4B9-C1D0C3990095} = {2142CCF2-8844-46E0-A7FF-3CC0F70C20BD}
		{77F6966E-EC06-483E-A2AA-9B8A87D088AB} = {206E2A86-4B1C-4687-835B-664AD2874D91}
		{C64D15CE-5848-48A8-8130-F8DF62496B2E} = {09CE0272-DF7C-4FF9-9A4E-E4D4CE3A0291}
	EndGlobalSection
	GlobalSection(ExtensibilityGlobals) = postSolution
		SolutionGuid = {044A55C2-11DC-443A-8E52-DD026CCC152C}
	EndGlobalSection
EndGlobal
